// !$*UTF8*$!
{
	archiveVersion = 1;
	classes = {
	};
	objectVersion = 55;
	objects = {

/* Begin PBXBuildFile section */
		389D36BA2820C190008AB5E3 /* SwiftUI_WeatherApp.swift in Sources */ = {isa = PBXBuildFile; fileRef = 389D36B92820C190008AB5E3 /* SwiftUI_WeatherApp.swift */; };
		389D36BC2820C190008AB5E3 /* ContentView.swift in Sources */ = {isa = PBXBuildFile; fileRef = 389D36BB2820C190008AB5E3 /* ContentView.swift */; };
		389D36BE2820C192008AB5E3 /* Assets.xcassets in Resources */ = {isa = PBXBuildFile; fileRef = 389D36BD2820C192008AB5E3 /* Assets.xcassets */; };
		389D36C12820C193008AB5E3 /* Preview Assets.xcassets in Resources */ = {isa = PBXBuildFile; fileRef = 389D36C02820C193008AB5E3 /* Preview Assets.xcassets */; };
		38A9F630283763A600FCADDF /* MainWeatherStatusView.swift in Sources */ = {isa = PBXBuildFile; fileRef = 38A9F62F283763A600FCADDF /* MainWeatherStatusView.swift */; };
		38A9F63228380E4200FCADDF /* FiveDayForecast.swift in Sources */ = {isa = PBXBuildFile; fileRef = 38A9F63128380E4200FCADDF /* FiveDayForecast.swift */; };
		38AA4D272823474A00A8B50F /* WeatherButton.swift in Sources */ = {isa = PBXBuildFile; fileRef = 38AA4D262823474A00A8B50F /* WeatherButton.swift */; };
		38DE0979283D959800650C45 /* FiveDayAPI.swift in Sources */ = {isa = PBXBuildFile; fileRef = 38DE0978283D959800650C45 /* FiveDayAPI.swift */; };
		38DE097B283D969300650C45 /* CurrentAPI.swift in Sources */ = {isa = PBXBuildFile; fileRef = 38DE097A283D969300650C45 /* CurrentAPI.swift */; };
		38DE097F283D989C00650C45 /* ConvertToSF.swift in Sources */ = {isa = PBXBuildFile; fileRef = 38DE097E283D989C00650C45 /* ConvertToSF.swift */; };
/* End PBXBuildFile section */

/* Begin PBXFileReference section */
		389D36B62820C190008AB5E3 /* SwiftUI-Weather.app */ = {isa = PBXFileReference; explicitFileType = wrapper.application; includeInIndex = 0; path = "SwiftUI-Weather.app"; sourceTree = BUILT_PRODUCTS_DIR; };
		389D36B92820C190008AB5E3 /* SwiftUI_WeatherApp.swift */ = {isa = PBXFileReference; lastKnownFileType = sourcecode.swift; path = SwiftUI_WeatherApp.swift; sourceTree = "<group>"; };
		389D36BB2820C190008AB5E3 /* ContentView.swift */ = {isa = PBXFileReference; lastKnownFileType = sourcecode.swift; path = ContentView.swift; sourceTree = "<group>"; };
		389D36BD2820C192008AB5E3 /* Assets.xcassets */ = {isa = PBXFileReference; lastKnownFileType = folder.assetcatalog; path = Assets.xcassets; sourceTree = "<group>"; };
		389D36C02820C193008AB5E3 /* Preview Assets.xcassets */ = {isa = PBXFileReference; lastKnownFileType = folder.assetcatalog; path = "Preview Assets.xcassets"; sourceTree = "<group>"; };
		38A9F62F283763A600FCADDF /* MainWeatherStatusView.swift */ = {isa = PBXFileReference; lastKnownFileType = sourcecode.swift; path = MainWeatherStatusView.swift; sourceTree = "<group>"; };
		38A9F63128380E4200FCADDF /* FiveDayForecast.swift */ = {isa = PBXFileReference; lastKnownFileType = sourcecode.swift; path = FiveDayForecast.swift; sourceTree = "<group>"; };
		38AA4D262823474A00A8B50F /* WeatherButton.swift */ = {isa = PBXFileReference; lastKnownFileType = sourcecode.swift; path = WeatherButton.swift; sourceTree = "<group>"; };
		38DE0978283D959800650C45 /* FiveDayAPI.swift */ = {isa = PBXFileReference; lastKnownFileType = sourcecode.swift; path = FiveDayAPI.swift; sourceTree = "<group>"; };
		38DE097A283D969300650C45 /* CurrentAPI.swift */ = {isa = PBXFileReference; lastKnownFileType = sourcecode.swift; path = CurrentAPI.swift; sourceTree = "<group>"; };
		38DE097E283D989C00650C45 /* ConvertToSF.swift */ = {isa = PBXFileReference; lastKnownFileType = sourcecode.swift; path = ConvertToSF.swift; sourceTree = "<group>"; };
/* End PBXFileReference section */

/* Begin PBXFrameworksBuildPhase section */
		389D36B32820C190008AB5E3 /* Frameworks */ = {
			isa = PBXFrameworksBuildPhase;
			buildActionMask = 2147483647;
			files = (
			);
			runOnlyForDeploymentPostprocessing = 0;
		};
/* End PBXFrameworksBuildPhase section */

/* Begin PBXGroup section */
		389D36AD2820C190008AB5E3 = {
			isa = PBXGroup;
			children = (
				389D36B82820C190008AB5E3 /* SwiftUI-Weather */,
				389D36B72820C190008AB5E3 /* Products */,
			);
			sourceTree = "<group>";
		};
		389D36B72820C190008AB5E3 /* Products */ = {
			isa = PBXGroup;
			children = (
				389D36B62820C190008AB5E3 /* SwiftUI-Weather.app */,
			);
			name = Products;
			sourceTree = "<group>";
		};
		389D36B82820C190008AB5E3 /* SwiftUI-Weather */ = {
			isa = PBXGroup;
			children = (
				38DE097D283D986300650C45 /* Views */,
				38DE097C283D984A00650C45 /* Classes */,
				389D36BD2820C192008AB5E3 /* Assets.xcassets */,
				389D36BF2820C193008AB5E3 /* Preview Content */,
			);
			path = "SwiftUI-Weather";
			sourceTree = "<group>";
		};
		389D36BF2820C193008AB5E3 /* Preview Content */ = {
			isa = PBXGroup;
			children = (
				389D36C02820C193008AB5E3 /* Preview Assets.xcassets */,
			);
			path = "Preview Content";
			sourceTree = "<group>";
		};
		38DE097C283D984A00650C45 /* Classes */ = {
			isa = PBXGroup;
			children = (
				38DE0978283D959800650C45 /* FiveDayAPI.swift */,
				38DE097A283D969300650C45 /* CurrentAPI.swift */,
				38DE097E283D989C00650C45 /* ConvertToSF.swift */,
			);
			path = Classes;
			sourceTree = "<group>";
		};
		38DE097D283D986300650C45 /* Views */ = {
			isa = PBXGroup;
			children = (
				389D36BB2820C190008AB5E3 /* ContentView.swift */,
				38A9F63128380E4200FCADDF /* FiveDayForecast.swift */,
				38A9F62F283763A600FCADDF /* MainWeatherStatusView.swift */,
				38AA4D262823474A00A8B50F /* WeatherButton.swift */,
				389D36B92820C190008AB5E3 /* SwiftUI_WeatherApp.swift */,
			);
			path = Views;
			sourceTree = "<group>";
		};
/* End PBXGroup section */

/* Begin PBXNativeTarget section */
		389D36B52820C190008AB5E3 /* SwiftUI-Weather */ = {
			isa = PBXNativeTarget;
			buildConfigurationList = 389D36C42820C193008AB5E3 /* Build configuration list for PBXNativeTarget "SwiftUI-Weather" */;
			buildPhases = (
				389D36B22820C190008AB5E3 /* Sources */,
				389D36B32820C190008AB5E3 /* Frameworks */,
				389D36B42820C190008AB5E3 /* Resources */,
			);
			buildRules = (
			);
			dependencies = (
			);
			name = "SwiftUI-Weather";
			productName = "SwiftUI-Weather";
			productReference = 389D36B62820C190008AB5E3 /* SwiftUI-Weather.app */;
			productType = "com.apple.product-type.application";
		};
/* End PBXNativeTarget section */

/* Begin PBXProject section */
		389D36AE2820C190008AB5E3 /* Project object */ = {
			isa = PBXProject;
			attributes = {
				BuildIndependentTargetsInParallel = 1;
				LastSwiftUpdateCheck = 1330;
				LastUpgradeCheck = 1330;
				TargetAttributes = {
					389D36B52820C190008AB5E3 = {
						CreatedOnToolsVersion = 13.3.1;
					};
				};
			};
			buildConfigurationList = 389D36B12820C190008AB5E3 /* Build configuration list for PBXProject "SwiftUI-Weather" */;
			compatibilityVersion = "Xcode 13.0";
			developmentRegion = en;
			hasScannedForEncodings = 0;
			knownRegions = (
				en,
				Base,
			);
			mainGroup = 389D36AD2820C190008AB5E3;
			productRefGroup = 389D36B72820C190008AB5E3 /* Products */;
			projectDirPath = "";
			projectRoot = "";
			targets = (
				389D36B52820C190008AB5E3 /* SwiftUI-Weather */,
			);
		};
/* End PBXProject section */

/* Begin PBXResourcesBuildPhase section */
		389D36B42820C190008AB5E3 /* Resources */ = {
			isa = PBXResourcesBuildPhase;
			buildActionMask = 2147483647;
			files = (
				389D36C12820C193008AB5E3 /* Preview Assets.xcassets in Resources */,
				389D36BE2820C192008AB5E3 /* Assets.xcassets in Resources */,
			);
			runOnlyForDeploymentPostprocessing = 0;
		};
/* End PBXResourcesBuildPhase section */

/* Begin PBXSourcesBuildPhase section */
		389D36B22820C190008AB5E3 /* Sources */ = {
			isa = PBXSourcesBuildPhase;
			buildActionMask = 2147483647;
			files = (
				38DE0979283D959800650C45 /* FiveDayAPI.swift in Sources */,
				38DE097F283D989C00650C45 /* ConvertToSF.swift in Sources */,
				38A9F630283763A600FCADDF /* MainWeatherStatusView.swift in Sources */,
				38A9F63228380E4200FCADDF /* FiveDayForecast.swift in Sources */,
				389D36BC2820C190008AB5E3 /* ContentView.swift in Sources */,
				389D36BA2820C190008AB5E3 /* SwiftUI_WeatherApp.swift in Sources */,
				38DE097B283D969300650C45 /* CurrentAPI.swift in Sources */,
				38AA4D272823474A00A8B50F /* WeatherButton.swift in Sources */,
			);
			runOnlyForDeploymentPostprocessing = 0;
		};
/* End PBXSourcesBuildPhase section */

/* Begin XCBuildConfiguration section */
		389D36C22820C193008AB5E3 /* Debug */ = {
			isa = XCBuildConfiguration;
			buildSettings = {
				ALWAYS_SEARCH_USER_PATHS = NO;
				CLANG_ANALYZER_NONNULL = YES;
				CLANG_ANALYZER_NUMBER_OBJECT_CONVERSION = YES_AGGRESSIVE;
				CLANG_CXX_LANGUAGE_STANDARD = "gnu++17";
				CLANG_ENABLE_MODULES = YES;
				CLANG_ENABLE_OBJC_ARC = YES;
				CLANG_ENABLE_OBJC_WEAK = YES;
				CLANG_WARN_BLOCK_CAPTURE_AUTORELEASING = YES;
				CLANG_WARN_BOOL_CONVERSION = YES;
				CLANG_WARN_COMMA = YES;
				CLANG_WARN_CONSTANT_CONVERSION = YES;
				CLANG_WARN_DEPRECATED_OBJC_IMPLEMENTATIONS = YES;
				CLANG_WARN_DIRECT_OBJC_ISA_USAGE = YES_ERROR;
				CLANG_WARN_DOCUMENTATION_COMMENTS = YES;
				CLANG_WARN_EMPTY_BODY = YES;
				CLANG_WARN_ENUM_CONVERSION = YES;
				CLANG_WARN_INFINITE_RECURSION = YES;
				CLANG_WARN_INT_CONVERSION = YES;
				CLANG_WARN_NON_LITERAL_NULL_CONVERSION = YES;
				CLANG_WARN_OBJC_IMPLICIT_RETAIN_SELF = YES;
				CLANG_WARN_OBJC_LITERAL_CONVERSION = YES;
				CLANG_WARN_OBJC_ROOT_CLASS = YES_ERROR;
				CLANG_WARN_QUOTED_INCLUDE_IN_FRAMEWORK_HEADER = YES;
				CLANG_WARN_RANGE_LOOP_ANALYSIS = YES;
				CLANG_WARN_STRICT_PROTOTYPES = YES;
				CLANG_WARN_SUSPICIOUS_MOVE = YES;
				CLANG_WARN_UNGUARDED_AVAILABILITY = YES_AGGRESSIVE;
				CLANG_WARN_UNREACHABLE_CODE = YES;
				CLANG_WARN__DUPLICATE_METHOD_MATCH = YES;
				COPY_PHASE_STRIP = NO;
				DEBUG_INFORMATION_FORMAT = dwarf;
				ENABLE_STRICT_OBJC_MSGSEND = YES;
				ENABLE_TESTABILITY = YES;
				GCC_C_LANGUAGE_STANDARD = gnu11;
				GCC_DYNAMIC_NO_PIC = NO;
				GCC_NO_COMMON_BLOCKS = YES;
				GCC_OPTIMIZATION_LEVEL = 0;
				GCC_PREPROCESSOR_DEFINITIONS = (
					"DEBUG=1",
					"$(inherited)",
				);
				GCC_WARN_64_TO_32_BIT_CONVERSION = YES;
				GCC_WARN_ABOUT_RETURN_TYPE = YES_ERROR;
				GCC_WARN_UNDECLARED_SELECTOR = YES;
				GCC_WARN_UNINITIALIZED_AUTOS = YES_AGGRESSIVE;
				GCC_WARN_UNUSED_FUNCTION = YES;
				GCC_WARN_UNUSED_VARIABLE = YES;
				IPHONEOS_DEPLOYMENT_TARGET = 15.4;
				MTL_ENABLE_DEBUG_INFO = INCLUDE_SOURCE;
				MTL_FAST_MATH = YES;
				ONLY_ACTIVE_ARCH = YES;
				SDKROOT = iphoneos;
				SWIFT_ACTIVE_COMPILATION_CONDITIONS = DEBUG;
				SWIFT_OPTIMIZATION_LEVEL = "-Onone";
			};
			name = Debug;
		};
		389D36C32820C193008AB5E3 /* Release */ = {
			isa = XCBuildConfiguration;
			buildSettings = {
				ALWAYS_SEARCH_USER_PATHS = NO;
				CLANG_ANALYZER_NONNULL = YES;
				CLANG_ANALYZER_NUMBER_OBJECT_CONVERSION = YES_AGGRESSIVE;
				CLANG_CXX_LANGUAGE_STANDARD = "gnu++17";
				CLANG_ENABLE_MODULES = YES;
				CLANG_ENABLE_OBJC_ARC = YES;
				CLANG_ENABLE_OBJC_WEAK = YES;
				CLANG_WARN_BLOCK_CAPTURE_AUTORELEASING = YES;
				CLANG_WARN_BOOL_CONVERSION = YES;
				CLANG_WARN_COMMA = YES;
				CLANG_WARN_CONSTANT_CONVERSION = YES;
				CLANG_WARN_DEPRECATED_OBJC_IMPLEMENTATIONS = YES;
				CLANG_WARN_DIRECT_OBJC_ISA_USAGE = YES_ERROR;
				CLANG_WARN_DOCUMENTATION_COMMENTS = YES;
				CLANG_WARN_EMPTY_BODY = YES;
				CLANG_WARN_ENUM_CONVERSION = YES;
				CLANG_WARN_INFINITE_RECURSION = YES;
				CLANG_WARN_INT_CONVERSION = YES;
				CLANG_WARN_NON_LITERAL_NULL_CONVERSION = YES;
				CLANG_WARN_OBJC_IMPLICIT_RETAIN_SELF = YES;
				CLANG_WARN_OBJC_LITERAL_CONVERSION = YES;
				CLANG_WARN_OBJC_ROOT_CLASS = YES_ERROR;
				CLANG_WARN_QUOTED_INCLUDE_IN_FRAMEWORK_HEADER = YES;
				CLANG_WARN_RANGE_LOOP_ANALYSIS = YES;
				CLANG_WARN_STRICT_PROTOTYPES = YES;
				CLANG_WARN_SUSPICIOUS_MOVE = YES;
				CLANG_WARN_UNGUARDED_AVAILABILITY = YES_AGGRESSIVE;
				CLANG_WARN_UNREACHABLE_CODE = YES;
				CLANG_WARN__DUPLICATE_METHOD_MATCH = YES;
				COPY_PHASE_STRIP = NO;
				DEBUG_INFORMATION_FORMAT = "dwarf-with-dsym";
				ENABLE_NS_ASSERTIONS = NO;
				ENABLE_STRICT_OBJC_MSGSEND = YES;
				GCC_C_LANGUAGE_STANDARD = gnu11;
				GCC_NO_COMMON_BLOCKS = YES;
				GCC_WARN_64_TO_32_BIT_CONVERSION = YES;
				GCC_WARN_ABOUT_RETURN_TYPE = YES_ERROR;
				GCC_WARN_UNDECLARED_SELECTOR = YES;
				GCC_WARN_UNINITIALIZED_AUTOS = YES_AGGRESSIVE;
				GCC_WARN_UNUSED_FUNCTION = YES;
				GCC_WARN_UNUSED_VARIABLE = YES;
				IPHONEOS_DEPLOYMENT_TARGET = 15.4;
				MTL_ENABLE_DEBUG_INFO = NO;
				MTL_FAST_MATH = YES;
				SDKROOT = iphoneos;
				SWIFT_COMPILATION_MODE = wholemodule;
				SWIFT_OPTIMIZATION_LEVEL = "-O";
				VALIDATE_PRODUCT = YES;
			};
			name = Release;
		};
		389D36C52820C193008AB5E3 /* Debug */ = {
			isa = XCBuildConfiguration;
			buildSettings = {
				ASSETCATALOG_COMPILER_APPICON_NAME = AppIcon;
				ASSETCATALOG_COMPILER_GLOBAL_ACCENT_COLOR_NAME = AccentColor;
				CODE_SIGN_STYLE = Automatic;
				CURRENT_PROJECT_VERSION = 1;
				DEVELOPMENT_ASSET_PATHS = "\"SwiftUI-Weather/Preview Content\"";
				DEVELOPMENT_TEAM = 2CLSVX29P9;
				ENABLE_PREVIEWS = YES;
				GENERATE_INFOPLIST_FILE = YES;
				INFOPLIST_KEY_UIApplicationSceneManifest_Generation = YES;
				INFOPLIST_KEY_UIApplicationSupportsIndirectInputEvents = YES;
				INFOPLIST_KEY_UILaunchScreen_Generation = YES;
				INFOPLIST_KEY_UISupportedInterfaceOrientations_iPad = "UIInterfaceOrientationPortrait UIInterfaceOrientationPortraitUpsideDown UIInterfaceOrientationLandscapeLeft UIInterfaceOrientationLandscapeRight";
				INFOPLIST_KEY_UISupportedInterfaceOrientations_iPhone = "UIInterfaceOrientationPortrait UIInterfaceOrientationLandscapeLeft UIInterfaceOrientationLandscapeRight";
				LD_RUNPATH_SEARCH_PATHS = (
					"$(inherited)",
					"@executable_path/Frameworks",
				);
				MARKETING_VERSION = 1.0;
				PRODUCT_BUNDLE_IDENTIFIER = "com.quintonprice.SwiftUI-Weather";
				PRODUCT_NAME = "$(TARGET_NAME)";
				SWIFT_EMIT_LOC_STRINGS = YES;
				SWIFT_VERSION = 5.0;
				TARGETED_DEVICE_FAMILY = "1,2";
			};
			name = Debug;
		};
		389D36C62820C193008AB5E3 /* Release */ = {
			isa = XCBuildConfiguration;
			buildSettings = {
				ASSETCATALOG_COMPILER_APPICON_NAME = AppIcon;
				ASSETCATALOG_COMPILER_GLOBAL_ACCENT_COLOR_NAME = AccentColor;
				CODE_SIGN_STYLE = Automatic;
				CURRENT_PROJECT_VERSION = 1;
				DEVELOPMENT_ASSET_PATHS = "\"SwiftUI-Weather/Preview Content\"";
				DEVELOPMENT_TEAM = 2CLSVX29P9;
				ENABLE_PREVIEWS = YES;
				GENERATE_INFOPLIST_FILE = YES;
				INFOPLIST_KEY_UIApplicationSceneManifest_Generation = YES;
				INFOPLIST_KEY_UIApplicationSupportsIndirectInputEvents = YES;
				INFOPLIST_KEY_UILaunchScreen_Generation = YES;
				INFOPLIST_KEY_UISupportedInterfaceOrientations_iPad = "UIInterfaceOrientationPortrait UIInterfaceOrientationPortraitUpsideDown UIInterfaceOrientationLandscapeLeft UIInterfaceOrientationLandscapeRight";
				INFOPLIST_KEY_UISupportedInterfaceOrientations_iPhone = "UIInterfaceOrientationPortrait UIInterfaceOrientationLandscapeLeft UIInterfaceOrientationLandscapeRight";
				LD_RUNPATH_SEARCH_PATHS = (
					"$(inherited)",
					"@executable_path/Frameworks",
				);
				MARKETING_VERSION = 1.0;
				PRODUCT_BUNDLE_IDENTIFIER = "com.quintonprice.SwiftUI-Weather";
				PRODUCT_NAME = "$(TARGET_NAME)";
				SWIFT_EMIT_LOC_STRINGS = YES;
				SWIFT_VERSION = 5.0;
				TARGETED_DEVICE_FAMILY = "1,2";
			};
			name = Release;
		};
/* End XCBuildConfiguration section */

/* Begin XCConfigurationList section */
		389D36B12820C190008AB5E3 /* Build configuration list for PBXProject "SwiftUI-Weather" */ = {
			isa = XCConfigurationList;
			buildConfigurations = (
				389D36C22820C193008AB5E3 /* Debug */,
				389D36C32820C193008AB5E3 /* Release */,
			);
			defaultConfigurationIsVisible = 0;
			defaultConfigurationName = Release;
		};
		389D36C42820C193008AB5E3 /* Build configuration list for PBXNativeTarget "SwiftUI-Weather" */ = {
			isa = XCConfigurationList;
			buildConfigurations = (
				389D36C52820C193008AB5E3 /* Debug */,
				389D36C62820C193008AB5E3 /* Release */,
			);
			defaultConfigurationIsVisible = 0;
			defaultConfigurationName = Release;
		};
/* End XCConfigurationList section */
	};
	rootObject = 389D36AE2820C190008AB5E3 /* Project object */;
}
